
Microsoft Visual Studio Solution File, Format Version 12.00
# Visual Studio Version 17
VisualStudioVersion = 17.0.31919.166
MinimumVisualStudioVersion = 10.0.40219.1
Project("{FAE04EC0-301F-11D3-BF4B-00C04F79EFBC}") = "FillterInputData", "FillterInputData\FillterInputData.csproj", "{D2FAD3F3-0DA6-4AE1-8357-5B1ED5D3456E}"
EndProject
Global
	GlobalSection(SolutionConfigurationPlatforms) = preSolution
		Debug|Any CPU = Debug|Any CPU
		Release|Any CPU = Release|Any CPU
	EndGlobalSection
	GlobalSection(ProjectConfigurationPlatforms) = postSolution
		{D2FAD3F3-0DA6-4AE1-8357-5B1ED5D3456E}.Debug|Any CPU.ActiveCfg = Debug|Any CPU
		{D2FAD3F3-0DA6-4AE1-8357-5B1ED5D3456E}.Debug|Any CPU.Build.0 = Debug|Any CPU
		{D2FAD3F3-0DA6-4AE1-8357-5B1ED5D3456E}.Release|Any CPU.ActiveCfg = Release|Any CPU
		{D2FAD3F3-0DA6-4AE1-8357-5B1ED5D3456E}.Release|Any CPU.Build.0 = Release|Any CPU
	EndGlobalSection
	GlobalSection(SolutionProperties) = preSolution
		HideSolutionNode = FALSE
	EndGlobalSection
	GlobalSection(ExtensibilityGlobals) = postSolution
		SolutionGuid = {C26084C1-CACF-4C47-8AEF-3783B7A34512}
	EndGlobalSection
EndGlobal
