
Microsoft Visual Studio Solution File, Format Version 12.00
# Visual Studio Version 17
VisualStudioVersion = 17.0.31919.166
MinimumVisualStudioVersion = 10.0.40219.1
Project("{FAE04EC0-301F-11D3-BF4B-00C04F79EFBC}") = "KeyBoardEvent2", "KeyBoardEvent2\KeyBoardEvent2.csproj", "{87DB72AB-2AE7-4E52-8523-56E3F260F44F}"
EndProject
Global
	GlobalSection(SolutionConfigurationPlatforms) = preSolution
		Debug|Any CPU = Debug|Any CPU
		Release|Any CPU = Release|Any CPU
	EndGlobalSection
	GlobalSection(ProjectConfigurationPlatforms) = postSolution
		{87DB72AB-2AE7-4E52-8523-56E3F260F44F}.Debug|Any CPU.ActiveCfg = Debug|Any CPU
		{87DB72AB-2AE7-4E52-8523-56E3F260F44F}.Debug|Any CPU.Build.0 = Debug|Any CPU
		{87DB72AB-2AE7-4E52-8523-56E3F260F44F}.Release|Any CPU.ActiveCfg = Release|Any CPU
		{87DB72AB-2AE7-4E52-8523-56E3F260F44F}.Release|Any CPU.Build.0 = Release|Any CPU
	EndGlobalSection
	GlobalSection(SolutionProperties) = preSolution
		HideSolutionNode = FALSE
	EndGlobalSection
	GlobalSection(ExtensibilityGlobals) = postSolution
		SolutionGuid = {2FBB5411-38C7-44EB-BC92-E3B6192E5D44}
	EndGlobalSection
EndGlobal
