
Microsoft Visual Studio Solution File, Format Version 12.00
# Visual Studio Version 17
VisualStudioVersion = 17.0.31919.166
MinimumVisualStudioVersion = 10.0.40219.1
Project("{FAE04EC0-301F-11D3-BF4B-00C04F79EFBC}") = "KeyBoardEvent1", "KeyBoardEvent1\KeyBoardEvent1.csproj", "{F103C2D1-2261-4E45-B895-0650D089447D}"
EndProject
Global
	GlobalSection(SolutionConfigurationPlatforms) = preSolution
		Debug|Any CPU = Debug|Any CPU
		Release|Any CPU = Release|Any CPU
	EndGlobalSection
	GlobalSection(ProjectConfigurationPlatforms) = postSolution
		{F103C2D1-2261-4E45-B895-0650D089447D}.Debug|Any CPU.ActiveCfg = Debug|Any CPU
		{F103C2D1-2261-4E45-B895-0650D089447D}.Debug|Any CPU.Build.0 = Debug|Any CPU
		{F103C2D1-2261-4E45-B895-0650D089447D}.Release|Any CPU.ActiveCfg = Release|Any CPU
		{F103C2D1-2261-4E45-B895-0650D089447D}.Release|Any CPU.Build.0 = Release|Any CPU
	EndGlobalSection
	GlobalSection(SolutionProperties) = preSolution
		HideSolutionNode = FALSE
	EndGlobalSection
	GlobalSection(ExtensibilityGlobals) = postSolution
		SolutionGuid = {12F8E11D-4F6D-4DC6-950A-014D4BB0866A}
	EndGlobalSection
EndGlobal
