
Microsoft Visual Studio Solution File, Format Version 12.00
# Visual Studio Version 17
VisualStudioVersion = 17.0.31919.166
MinimumVisualStudioVersion = 10.0.40219.1
Project("{FAE04EC0-301F-11D3-BF4B-00C04F79EFBC}") = "parkCar", "parkCar\parkCar.csproj", "{51296E53-824A-4244-9099-9C93489912A5}"
EndProject
Global
	GlobalSection(SolutionConfigurationPlatforms) = preSolution
		Debug|Any CPU = Debug|Any CPU
		Release|Any CPU = Release|Any CPU
	EndGlobalSection
	GlobalSection(ProjectConfigurationPlatforms) = postSolution
		{51296E53-824A-4244-9099-9C93489912A5}.Debug|Any CPU.ActiveCfg = Debug|Any CPU
		{51296E53-824A-4244-9099-9C93489912A5}.Debug|Any CPU.Build.0 = Debug|Any CPU
		{51296E53-824A-4244-9099-9C93489912A5}.Release|Any CPU.ActiveCfg = Release|Any CPU
		{51296E53-824A-4244-9099-9C93489912A5}.Release|Any CPU.Build.0 = Release|Any CPU
	EndGlobalSection
	GlobalSection(SolutionProperties) = preSolution
		HideSolutionNode = FALSE
	EndGlobalSection
	GlobalSection(ExtensibilityGlobals) = postSolution
		SolutionGuid = {216BA2A5-4080-4AC5-8EBB-CFCFAF7722BA}
	EndGlobalSection
EndGlobal
